{
  "lockfileVersion": 1,
  "configVersion": 1,
  "workspaces": {
    "": {
      "name": "rigc",
      "dependencies": {
        "@esotericsoftware/spine-core": "4.3.13",
      },
    },
  },
  "packages": {
    "@esotericsoftware/spine-core": ["@esotericsoftware/spine-core@4.3.13", "", {}, "sha512-iGs/40qOWSQYicABebDzFSwFOS1Nsm0dCCS8sGqbpVuThRKdLYeI1cVJpmATSpEmtcetEABTmh97NoBnt7XLDw=="],
  }
}
